
Microsoft Visual Studio Solution File, Format Version 12.00
# Visual Studio 15
VisualStudioVersion = 15.0.28307.489
MinimumVisualStudioVersion = 10.0.40219.1
Project("{FAE04EC0-301F-11D3-BF4B-00C04F79EFBC}") = "WpfApp2", "WpfApp2\WpfApp2.csproj", "{A8C080C1-4A89-41BB-B9C0-8F9A49139F50}"
EndProject
Global
	GlobalSection(SolutionConfigurationPlatforms) = preSolution
		Debug|Any CPU = Debug|Any CPU
		Release|Any CPU = Release|Any CPU
	EndGlobalSection
	GlobalSection(ProjectConfigurationPlatforms) = postSolution
		{A8C080C1-4A89-41BB-B9C0-8F9A49139F50}.Debug|Any CPU.ActiveCfg = Debug|Any CPU
		{A8C080C1-4A89-41BB-B9C0-8F9A49139F50}.Debug|Any CPU.Build.0 = Debug|Any CPU
		{A8C080C1-4A89-41BB-B9C0-8F9A49139F50}.Release|Any CPU.ActiveCfg = Release|Any CPU
		{A8C080C1-4A89-41BB-B9C0-8F9A49139F50}.Release|Any CPU.Build.0 = Release|Any CPU
	EndGlobalSection
	GlobalSection(SolutionProperties) = preSolution
		HideSolutionNode = FALSE
	EndGlobalSection
	GlobalSection(ExtensibilityGlobals) = postSolution
		SolutionGuid = {BFF824AE-5951-4910-BCB0-86E7A6D83DB2}
	EndGlobalSection
EndGlobal
